
Microsoft Visual Studio Solution File, Format Version 12.00
# Visual Studio Version 16
VisualStudioVersion = 16.0.30717.126
MinimumVisualStudioVersion = 10.0.40219.1
Project("{FAE04EC0-301F-11D3-BF4B-00C04F79EFBC}") = "Lab4", "Lab4.csproj", "{7E348C37-46A5-4C19-81D0-63F99F4EED47}"
EndProject
Global
	GlobalSection(SolutionConfigurationPlatforms) = preSolution
		Debug|Any CPU = Debug|Any CPU
		Release|Any CPU = Release|Any CPU
	EndGlobalSection
	GlobalSection(ProjectConfigurationPlatforms) = postSolution
		{7E348C37-46A5-4C19-81D0-63F99F4EED47}.Debug|Any CPU.ActiveCfg = Debug|Any CPU
		{7E348C37-46A5-4C19-81D0-63F99F4EED47}.Debug|Any CPU.Build.0 = Debug|Any CPU
		{7E348C37-46A5-4C19-81D0-63F99F4EED47}.Release|Any CPU.ActiveCfg = Release|Any CPU
		{7E348C37-46A5-4C19-81D0-63F99F4EED47}.Release|Any CPU.Build.0 = Release|Any CPU
	EndGlobalSection
	GlobalSection(SolutionProperties) = preSolution
		HideSolutionNode = FALSE
	EndGlobalSection
	GlobalSection(ExtensibilityGlobals) = postSolution
		SolutionGuid = {37559537-1244-4BD9-A0F1-E694576D9445}
	EndGlobalSection
EndGlobal
